
Microsoft Visual Studio Solution File, Format Version 12.00
# Visual Studio Version 16
VisualStudioVersion = 16.0.29926.136
MinimumVisualStudioVersion = 10.0.40219.1
Project("{9A19103F-16F7-4668-BE54-9A1E7A4F7556}") = "Analogy.LogViewer.GitHistory", "Analogy.LogViewer.GitHistory\Analogy.LogViewer.GitHistory.csproj", "{7925158E-7934-43AD-B4D5-3E6FF3933F86}"
EndProject
Project("{FAE04EC0-301F-11D3-BF4B-00C04F79EFBC}") = "Analogy.LogViewer.GitHistory.UnitTests", "Analogy.LogViewer.GitHistory.UnitTests\Analogy.LogViewer.GitHistory.UnitTests.csproj", "{91B1A27F-6A72-4C20-BED2-3BF441CB8B9D}"
EndProject
Global
	GlobalSection(SolutionConfigurationPlatforms) = preSolution
		Debug|Any CPU = Debug|Any CPU
		Release|Any CPU = Release|Any CPU
	EndGlobalSection
	GlobalSection(ProjectConfigurationPlatforms) = postSolution
		{7925158E-7934-43AD-B4D5-3E6FF3933F86}.Debug|Any CPU.ActiveCfg = Debug|Any CPU
		{7925158E-7934-43AD-B4D5-3E6FF3933F86}.Debug|Any CPU.Build.0 = Debug|Any CPU
		{7925158E-7934-43AD-B4D5-3E6FF3933F86}.Release|Any CPU.ActiveCfg = Release|Any CPU
		{7925158E-7934-43AD-B4D5-3E6FF3933F86}.Release|Any CPU.Build.0 = Release|Any CPU
		{91B1A27F-6A72-4C20-BED2-3BF441CB8B9D}.Debug|Any CPU.ActiveCfg = Debug|Any CPU
		{91B1A27F-6A72-4C20-BED2-3BF441CB8B9D}.Debug|Any CPU.Build.0 = Debug|Any CPU
		{91B1A27F-6A72-4C20-BED2-3BF441CB8B9D}.Release|Any CPU.ActiveCfg = Release|Any CPU
		{91B1A27F-6A72-4C20-BED2-3BF441CB8B9D}.Release|Any CPU.Build.0 = Release|Any CPU
	EndGlobalSection
	GlobalSection(SolutionProperties) = preSolution
		HideSolutionNode = FALSE
	EndGlobalSection
	GlobalSection(ExtensibilityGlobals) = postSolution
		SolutionGuid = {709F2726-C992-47DF-853F-09E80D432081}
	EndGlobalSection
EndGlobal
